
Microsoft Visual Studio Solution File, Format Version 12.00
# Visual Studio Version 17
VisualStudioVersion = 17.0.31903.59
MinimumVisualStudioVersion = 10.0.40219.1
Project("{2150E333-8FDC-42A3-9474-1A3956D46DE8}") = "src", "src", "{827E0CD3-B72D-47B6-A68D-7590B98EB39B}"
EndProject
Project("{FAE04EC0-301F-11D3-BF4B-00C04F79EFBC}") = "BookStack.Mcp.Server", "src\BookStack.Mcp.Server\BookStack.Mcp.Server.csproj", "{77149F93-93C0-432E-B5EB-6C557614C648}"
EndProject
Project("{FAE04EC0-301F-11D3-BF4B-00C04F79EFBC}") = "BookStack.Mcp.Server.Data.Abstractions", "src\BookStack.Mcp.Server.Data.Abstractions\BookStack.Mcp.Server.Data.Abstractions.csproj", "{ED62A539-A71E-40D1-A65C-EFB9E5BA0D9D}"
EndProject
Project("{FAE04EC0-301F-11D3-BF4B-00C04F79EFBC}") = "BookStack.Mcp.Server.Data.SqlServer", "src\BookStack.Mcp.Server.Data.SqlServer\BookStack.Mcp.Server.Data.SqlServer.csproj", "{BF3ED082-1E47-40AD-96D4-BA00A1646EDF}"
EndProject
Project("{FAE04EC0-301F-11D3-BF4B-00C04F79EFBC}") = "BookStack.Mcp.Server.Data.Postgres", "src\BookStack.Mcp.Server.Data.Postgres\BookStack.Mcp.Server.Data.Postgres.csproj", "{FA58DBFC-1A4A-4859-8E02-F9B3E5FCC024}"
EndProject
Project("{FAE04EC0-301F-11D3-BF4B-00C04F79EFBC}") = "BookStack.Mcp.Server.Data.Sqlite", "src\BookStack.Mcp.Server.Data.Sqlite\BookStack.Mcp.Server.Data.Sqlite.csproj", "{26594FAE-849E-4CF4-937A-E07DB72FA569}"
EndProject
Project("{2150E333-8FDC-42A3-9474-1A3956D46DE8}") = "tests", "tests", "{0AB3BF05-4346-4AA6-1389-037BE0695223}"
EndProject
Project("{FAE04EC0-301F-11D3-BF4B-00C04F79EFBC}") = "BookStack.Mcp.Server.Tests", "tests\BookStack.Mcp.Server.Tests\BookStack.Mcp.Server.Tests.csproj", "{A5E2AD5D-5403-480D-A0CE-1F322DAF59ED}"
EndProject
Project("{FAE04EC0-301F-11D3-BF4B-00C04F79EFBC}") = "BookStack.Mcp.Server.Evaluation", "tests\BookStack.Mcp.Server.Evaluation\BookStack.Mcp.Server.Evaluation.csproj", "{26794CD5-017C-4CCE-8D21-FDD76395FCCA}"
EndProject
Project("{FAE04EC0-301F-11D3-BF4B-00C04F79EFBC}") = "MarkZither.Rag.Chunking", "src\MarkZither.Rag.Chunking\MarkZither.Rag.Chunking.csproj", "{C0127928-37FA-4434-B29D-0EE907C2173A}"
EndProject
Project("{FAE04EC0-301F-11D3-BF4B-00C04F79EFBC}") = "MarkZither.Rag.Chunking.Tests", "tests\MarkZither.Rag.Chunking.Tests\MarkZither.Rag.Chunking.Tests.csproj", "{A2933E38-7AC8-4807-BBD3-3BD3CA086D5C}"
EndProject
Global
	GlobalSection(SolutionConfigurationPlatforms) = preSolution
		Debug|Any CPU = Debug|Any CPU
		Debug|x64 = Debug|x64
		Debug|x86 = Debug|x86
		Release|Any CPU = Release|Any CPU
		Release|x64 = Release|x64
		Release|x86 = Release|x86
	EndGlobalSection
	GlobalSection(ProjectConfigurationPlatforms) = postSolution
		{77149F93-93C0-432E-B5EB-6C557614C648}.Debug|Any CPU.ActiveCfg = Debug|Any CPU
		{77149F93-93C0-432E-B5EB-6C557614C648}.Debug|Any CPU.Build.0 = Debug|Any CPU
		{77149F93-93C0-432E-B5EB-6C557614C648}.Debug|x64.ActiveCfg = Debug|Any CPU
		{77149F93-93C0-432E-B5EB-6C557614C648}.Debug|x64.Build.0 = Debug|Any CPU
		{77149F93-93C0-432E-B5EB-6C557614C648}.Debug|x86.ActiveCfg = Debug|Any CPU
		{77149F93-93C0-432E-B5EB-6C557614C648}.Debug|x86.Build.0 = Debug|Any CPU
		{77149F93-93C0-432E-B5EB-6C557614C648}.Release|Any CPU.ActiveCfg = Release|Any CPU
		{77149F93-93C0-432E-B5EB-6C557614C648}.Release|Any CPU.Build.0 = Release|Any CPU
		{77149F93-93C0-432E-B5EB-6C557614C648}.Release|x64.ActiveCfg = Release|Any CPU
		{77149F93-93C0-432E-B5EB-6C557614C648}.Release|x64.Build.0 = Release|Any CPU
		{77149F93-93C0-432E-B5EB-6C557614C648}.Release|x86.ActiveCfg = Release|Any CPU
		{77149F93-93C0-432E-B5EB-6C557614C648}.Release|x86.Build.0 = Release|Any CPU
		{ED62A539-A71E-40D1-A65C-EFB9E5BA0D9D}.Debug|Any CPU.ActiveCfg = Debug|Any CPU
		{ED62A539-A71E-40D1-A65C-EFB9E5BA0D9D}.Debug|Any CPU.Build.0 = Debug|Any CPU
		{ED62A539-A71E-40D1-A65C-EFB9E5BA0D9D}.Debug|x64.ActiveCfg = Debug|Any CPU
		{ED62A539-A71E-40D1-A65C-EFB9E5BA0D9D}.Debug|x64.Build.0 = Debug|Any CPU
		{ED62A539-A71E-40D1-A65C-EFB9E5BA0D9D}.Debug|x86.ActiveCfg = Debug|Any CPU
		{ED62A539-A71E-40D1-A65C-EFB9E5BA0D9D}.Debug|x86.Build.0 = Debug|Any CPU
		{ED62A539-A71E-40D1-A65C-EFB9E5BA0D9D}.Release|Any CPU.ActiveCfg = Release|Any CPU
		{ED62A539-A71E-40D1-A65C-EFB9E5BA0D9D}.Release|Any CPU.Build.0 = Release|Any CPU
		{ED62A539-A71E-40D1-A65C-EFB9E5BA0D9D}.Release|x64.ActiveCfg = Release|Any CPU
		{ED62A539-A71E-40D1-A65C-EFB9E5BA0D9D}.Release|x64.Build.0 = Release|Any CPU
		{ED62A539-A71E-40D1-A65C-EFB9E5BA0D9D}.Release|x86.ActiveCfg = Release|Any CPU
		{ED62A539-A71E-40D1-A65C-EFB9E5BA0D9D}.Release|x86.Build.0 = Release|Any CPU
		{BF3ED082-1E47-40AD-96D4-BA00A1646EDF}.Debug|Any CPU.ActiveCfg = Debug|Any CPU
		{BF3ED082-1E47-40AD-96D4-BA00A1646EDF}.Debug|Any CPU.Build.0 = Debug|Any CPU
		{BF3ED082-1E47-40AD-96D4-BA00A1646EDF}.Debug|x64.ActiveCfg = Debug|Any CPU
		{BF3ED082-1E47-40AD-96D4-BA00A1646EDF}.Debug|x64.Build.0 = Debug|Any CPU
		{BF3ED082-1E47-40AD-96D4-BA00A1646EDF}.Debug|x86.ActiveCfg = Debug|Any CPU
		{BF3ED082-1E47-40AD-96D4-BA00A1646EDF}.Debug|x86.Build.0 = Debug|Any CPU
		{BF3ED082-1E47-40AD-96D4-BA00A1646EDF}.Release|Any CPU.ActiveCfg = Release|Any CPU
		{BF3ED082-1E47-40AD-96D4-BA00A1646EDF}.Release|Any CPU.Build.0 = Release|Any CPU
		{BF3ED082-1E47-40AD-96D4-BA00A1646EDF}.Release|x64.ActiveCfg = Release|Any CPU
		{BF3ED082-1E47-40AD-96D4-BA00A1646EDF}.Release|x64.Build.0 = Release|Any CPU
		{BF3ED082-1E47-40AD-96D4-BA00A1646EDF}.Release|x86.ActiveCfg = Release|Any CPU
		{BF3ED082-1E47-40AD-96D4-BA00A1646EDF}.Release|x86.Build.0 = Release|Any CPU
		{FA58DBFC-1A4A-4859-8E02-F9B3E5FCC024}.Debug|Any CPU.ActiveCfg = Debug|Any CPU
		{FA58DBFC-1A4A-4859-8E02-F9B3E5FCC024}.Debug|Any CPU.Build.0 = Debug|Any CPU
		{FA58DBFC-1A4A-4859-8E02-F9B3E5FCC024}.Debug|x64.ActiveCfg = Debug|Any CPU
		{FA58DBFC-1A4A-4859-8E02-F9B3E5FCC024}.Debug|x64.Build.0 = Debug|Any CPU
		{FA58DBFC-1A4A-4859-8E02-F9B3E5FCC024}.Debug|x86.ActiveCfg = Debug|Any CPU
		{FA58DBFC-1A4A-4859-8E02-F9B3E5FCC024}.Debug|x86.Build.0 = Debug|Any CPU
		{FA58DBFC-1A4A-4859-8E02-F9B3E5FCC024}.Release|Any CPU.ActiveCfg = Release|Any CPU
		{FA58DBFC-1A4A-4859-8E02-F9B3E5FCC024}.Release|Any CPU.Build.0 = Release|Any CPU
		{FA58DBFC-1A4A-4859-8E02-F9B3E5FCC024}.Release|x64.ActiveCfg = Release|Any CPU
		{FA58DBFC-1A4A-4859-8E02-F9B3E5FCC024}.Release|x64.Build.0 = Release|Any CPU
		{FA58DBFC-1A4A-4859-8E02-F9B3E5FCC024}.Release|x86.ActiveCfg = Release|Any CPU
		{FA58DBFC-1A4A-4859-8E02-F9B3E5FCC024}.Release|x86.Build.0 = Release|Any CPU
		{26594FAE-849E-4CF4-937A-E07DB72FA569}.Debug|Any CPU.ActiveCfg = Debug|Any CPU
		{26594FAE-849E-4CF4-937A-E07DB72FA569}.Debug|Any CPU.Build.0 = Debug|Any CPU
		{26594FAE-849E-4CF4-937A-E07DB72FA569}.Debug|x64.ActiveCfg = Debug|Any CPU
		{26594FAE-849E-4CF4-937A-E07DB72FA569}.Debug|x64.Build.0 = Debug|Any CPU
		{26594FAE-849E-4CF4-937A-E07DB72FA569}.Debug|x86.ActiveCfg = Debug|Any CPU
		{26594FAE-849E-4CF4-937A-E07DB72FA569}.Debug|x86.Build.0 = Debug|Any CPU
		{26594FAE-849E-4CF4-937A-E07DB72FA569}.Release|Any CPU.ActiveCfg = Release|Any CPU
		{26594FAE-849E-4CF4-937A-E07DB72FA569}.Release|Any CPU.Build.0 = Release|Any CPU
		{26594FAE-849E-4CF4-937A-E07DB72FA569}.Release|x64.ActiveCfg = Release|Any CPU
		{26594FAE-849E-4CF4-937A-E07DB72FA569}.Release|x64.Build.0 = Release|Any CPU
		{26594FAE-849E-4CF4-937A-E07DB72FA569}.Release|x86.ActiveCfg = Release|Any CPU
		{26594FAE-849E-4CF4-937A-E07DB72FA569}.Release|x86.Build.0 = Release|Any CPU
		{A5E2AD5D-5403-480D-A0CE-1F322DAF59ED}.Debug|Any CPU.ActiveCfg = Debug|Any CPU
		{A5E2AD5D-5403-480D-A0CE-1F322DAF59ED}.Debug|Any CPU.Build.0 = Debug|Any CPU
		{A5E2AD5D-5403-480D-A0CE-1F322DAF59ED}.Debug|x64.ActiveCfg = Debug|Any CPU
		{A5E2AD5D-5403-480D-A0CE-1F322DAF59ED}.Debug|x64.Build.0 = Debug|Any CPU
		{A5E2AD5D-5403-480D-A0CE-1F322DAF59ED}.Debug|x86.ActiveCfg = Debug|Any CPU
		{A5E2AD5D-5403-480D-A0CE-1F322DAF59ED}.Debug|x86.Build.0 = Debug|Any CPU
		{A5E2AD5D-5403-480D-A0CE-1F322DAF59ED}.Release|Any CPU.ActiveCfg = Release|Any CPU
		{A5E2AD5D-5403-480D-A0CE-1F322DAF59ED}.Release|Any CPU.Build.0 = Release|Any CPU
		{A5E2AD5D-5403-480D-A0CE-1F322DAF59ED}.Release|x64.ActiveCfg = Release|Any CPU
		{A5E2AD5D-5403-480D-A0CE-1F322DAF59ED}.Release|x64.Build.0 = Release|Any CPU
		{A5E2AD5D-5403-480D-A0CE-1F322DAF59ED}.Release|x86.ActiveCfg = Release|Any CPU
		{A5E2AD5D-5403-480D-A0CE-1F322DAF59ED}.Release|x86.Build.0 = Release|Any CPU
		{26794CD5-017C-4CCE-8D21-FDD76395FCCA}.Debug|Any CPU.ActiveCfg = Debug|Any CPU
		{26794CD5-017C-4CCE-8D21-FDD76395FCCA}.Debug|Any CPU.Build.0 = Debug|Any CPU
		{26794CD5-017C-4CCE-8D21-FDD76395FCCA}.Debug|x64.ActiveCfg = Debug|Any CPU
		{26794CD5-017C-4CCE-8D21-FDD76395FCCA}.Debug|x64.Build.0 = Debug|Any CPU
		{26794CD5-017C-4CCE-8D21-FDD76395FCCA}.Debug|x86.ActiveCfg = Debug|Any CPU
		{26794CD5-017C-4CCE-8D21-FDD76395FCCA}.Debug|x86.Build.0 = Debug|Any CPU
		{26794CD5-017C-4CCE-8D21-FDD76395FCCA}.Release|Any CPU.ActiveCfg = Release|Any CPU
		{26794CD5-017C-4CCE-8D21-FDD76395FCCA}.Release|Any CPU.Build.0 = Release|Any CPU
		{26794CD5-017C-4CCE-8D21-FDD76395FCCA}.Release|x64.ActiveCfg = Release|Any CPU
		{26794CD5-017C-4CCE-8D21-FDD76395FCCA}.Release|x64.Build.0 = Release|Any CPU
		{26794CD5-017C-4CCE-8D21-FDD76395FCCA}.Release|x86.ActiveCfg = Release|Any CPU
		{26794CD5-017C-4CCE-8D21-FDD76395FCCA}.Release|x86.Build.0 = Release|Any CPU
		{C0127928-37FA-4434-B29D-0EE907C2173A}.Debug|Any CPU.ActiveCfg = Debug|Any CPU
		{C0127928-37FA-4434-B29D-0EE907C2173A}.Debug|Any CPU.Build.0 = Debug|Any CPU
		{C0127928-37FA-4434-B29D-0EE907C2173A}.Debug|x64.ActiveCfg = Debug|Any CPU
		{C0127928-37FA-4434-B29D-0EE907C2173A}.Debug|x64.Build.0 = Debug|Any CPU
		{C0127928-37FA-4434-B29D-0EE907C2173A}.Debug|x86.ActiveCfg = Debug|Any CPU
		{C0127928-37FA-4434-B29D-0EE907C2173A}.Debug|x86.Build.0 = Debug|Any CPU
		{C0127928-37FA-4434-B29D-0EE907C2173A}.Release|Any CPU.ActiveCfg = Release|Any CPU
		{C0127928-37FA-4434-B29D-0EE907C2173A}.Release|Any CPU.Build.0 = Release|Any CPU
		{C0127928-37FA-4434-B29D-0EE907C2173A}.Release|x64.ActiveCfg = Release|Any CPU
		{C0127928-37FA-4434-B29D-0EE907C2173A}.Release|x64.Build.0 = Release|Any CPU
		{C0127928-37FA-4434-B29D-0EE907C2173A}.Release|x86.ActiveCfg = Release|Any CPU
		{C0127928-37FA-4434-B29D-0EE907C2173A}.Release|x86.Build.0 = Release|Any CPU
		{A2933E38-7AC8-4807-BBD3-3BD3CA086D5C}.Debug|Any CPU.ActiveCfg = Debug|Any CPU
		{A2933E38-7AC8-4807-BBD3-3BD3CA086D5C}.Debug|Any CPU.Build.0 = Debug|Any CPU
		{A2933E38-7AC8-4807-BBD3-3BD3CA086D5C}.Debug|x64.ActiveCfg = Debug|Any CPU
		{A2933E38-7AC8-4807-BBD3-3BD3CA086D5C}.Debug|x64.Build.0 = Debug|Any CPU
		{A2933E38-7AC8-4807-BBD3-3BD3CA086D5C}.Debug|x86.ActiveCfg = Debug|Any CPU
		{A2933E38-7AC8-4807-BBD3-3BD3CA086D5C}.Debug|x86.Build.0 = Debug|Any CPU
		{A2933E38-7AC8-4807-BBD3-3BD3CA086D5C}.Release|Any CPU.ActiveCfg = Release|Any CPU
		{A2933E38-7AC8-4807-BBD3-3BD3CA086D5C}.Release|Any CPU.Build.0 = Release|Any CPU
		{A2933E38-7AC8-4807-BBD3-3BD3CA086D5C}.Release|x64.ActiveCfg = Release|Any CPU
		{A2933E38-7AC8-4807-BBD3-3BD3CA086D5C}.Release|x64.Build.0 = Release|Any CPU
		{A2933E38-7AC8-4807-BBD3-3BD3CA086D5C}.Release|x86.ActiveCfg = Release|Any CPU
		{A2933E38-7AC8-4807-BBD3-3BD3CA086D5C}.Release|x86.Build.0 = Release|Any CPU
	EndGlobalSection
	GlobalSection(SolutionProperties) = preSolution
		HideSolutionNode = FALSE
	EndGlobalSection
	GlobalSection(NestedProjects) = preSolution
		{77149F93-93C0-432E-B5EB-6C557614C648} = {827E0CD3-B72D-47B6-A68D-7590B98EB39B}
		{ED62A539-A71E-40D1-A65C-EFB9E5BA0D9D} = {827E0CD3-B72D-47B6-A68D-7590B98EB39B}
		{BF3ED082-1E47-40AD-96D4-BA00A1646EDF} = {827E0CD3-B72D-47B6-A68D-7590B98EB39B}
		{FA58DBFC-1A4A-4859-8E02-F9B3E5FCC024} = {827E0CD3-B72D-47B6-A68D-7590B98EB39B}
		{26594FAE-849E-4CF4-937A-E07DB72FA569} = {827E0CD3-B72D-47B6-A68D-7590B98EB39B}
		{A5E2AD5D-5403-480D-A0CE-1F322DAF59ED} = {0AB3BF05-4346-4AA6-1389-037BE0695223}
		{26794CD5-017C-4CCE-8D21-FDD76395FCCA} = {0AB3BF05-4346-4AA6-1389-037BE0695223}
		{C0127928-37FA-4434-B29D-0EE907C2173A} = {827E0CD3-B72D-47B6-A68D-7590B98EB39B}
		{A2933E38-7AC8-4807-BBD3-3BD3CA086D5C} = {0AB3BF05-4346-4AA6-1389-037BE0695223}
	EndGlobalSection
EndGlobal
